
Microsoft Visual Studio Solution File, Format Version 12.00
# Visual Studio Version 17
VisualStudioVersion = 17.9.34728.123
MinimumVisualStudioVersion = 10.0.40219.1
Project("{9A19103F-16F7-4668-BE54-9A1E7A4F7556}") = "NKP_Liquid__4_Head__Filling_Machine", "NKP_Liquid__4_Head__Filling_Machine.csproj", "{C56D0906-05F0-AF30-A615-A0D482C299DB}"
EndProject
Global
	GlobalSection(SolutionConfigurationPlatforms) = preSolution
		Debug|Any CPU = Debug|Any CPU
		Release|Any CPU = Release|Any CPU
	EndGlobalSection
	GlobalSection(ProjectConfigurationPlatforms) = postSolution
		{C56D0906-05F0-AF30-A615-A0D482C299DB}.Debug|Any CPU.ActiveCfg = Debug|Any CPU
		{C56D0906-05F0-AF30-A615-A0D482C299DB}.Debug|Any CPU.Build.0 = Debug|Any CPU
		{C56D0906-05F0-AF30-A615-A0D482C299DB}.Release|Any CPU.ActiveCfg = Release|Any CPU
		{C56D0906-05F0-AF30-A615-A0D482C299DB}.Release|Any CPU.Build.0 = Release|Any CPU
	EndGlobalSection
	GlobalSection(SolutionProperties) = preSolution
		HideSolutionNode = FALSE
	EndGlobalSection
	GlobalSection(ExtensibilityGlobals) = postSolution
		SolutionGuid = {2B76567A-2DC7-4D28-869A-C285EC997BF4}
	EndGlobalSection
EndGlobal
